// !$*UTF8*$!
{
	archiveVersion = 1;
	classes = {
	};
	objectVersion = 46;
	objects = {

/* Begin PBXBuildFile section */
		9F93146D1904F45D00A8C3FA /* Foundation.framework in Frameworks */ = {isa = PBXBuildFile; fileRef = 9F93146C1904F45D00A8C3FA /* Foundation.framework */; };
		9F93146F1904F45D00A8C3FA /* CoreGraphics.framework in Frameworks */ = {isa = PBXBuildFile; fileRef = 9F93146E1904F45D00A8C3FA /* CoreGraphics.framework */; };
		9F9314711904F45D00A8C3FA /* UIKit.framework in Frameworks */ = {isa = PBXBuildFile; fileRef = 9F9314701904F45D00A8C3FA /* UIKit.framework */; };
		9F9314771904F45D00A8C3FA /* InfoPlist.strings in Resources */ = {isa = PBXBuildFile; fileRef = 9F9314751904F45D00A8C3FA /* InfoPlist.strings */; };
		9F9314791904F45D00A8C3FA /* main.m in Sources */ = {isa = PBXBuildFile; fileRef = 9F9314781904F45D00A8C3FA /* main.m */; };
		9F93147D1904F45D00A8C3FA /* ASAppDelegate.m in Sources */ = {isa = PBXBuildFile; fileRef = 9F93147C1904F45D00A8C3FA /* ASAppDelegate.m */; };
		9F9314801904F45D00A8C3FA /* Main.storyboard in Resources */ = {isa = PBXBuildFile; fileRef = 9F93147E1904F45D00A8C3FA /* Main.storyboard */; };
		9F9314831904F45D00A8C3FA /* ASViewController.m in Sources */ = {isa = PBXBuildFile; fileRef = 9F9314821904F45D00A8C3FA /* ASViewController.m */; };
		9F9314851904F45D00A8C3FA /* Images.xcassets in Resources */ = {isa = PBXBuildFile; fileRef = 9F9314841904F45D00A8C3FA /* Images.xcassets */; };
		9F93148C1904F45D00A8C3FA /* XCTest.framework in Frameworks */ = {isa = PBXBuildFile; fileRef = 9F93148B1904F45D00A8C3FA /* XCTest.framework */; };
		9F93148D1904F45D00A8C3FA /* Foundation.framework in Frameworks */ = {isa = PBXBuildFile; fileRef = 9F93146C1904F45D00A8C3FA /* Foundation.framework */; };
		9F93148E1904F45D00A8C3FA /* UIKit.framework in Frameworks */ = {isa = PBXBuildFile; fileRef = 9F9314701904F45D00A8C3FA /* UIKit.framework */; };
		9F9314961904F45D00A8C3FA /* InfoPlist.strings in Resources */ = {isa = PBXBuildFile; fileRef = 9F9314941904F45D00A8C3FA /* InfoPlist.strings */; };
		9F9314981904F45D00A8C3FA /* Git_TestTests.m in Sources */ = {isa = PBXBuildFile; fileRef = 9F9314971904F45D00A8C3FA /* Git_TestTests.m */; };
/* End PBXBuildFile section */

/* Begin PBXContainerItemProxy section */
		9F93148F1904F45D00A8C3FA /* PBXContainerItemProxy */ = {
			isa = PBXContainerItemProxy;
			containerPortal = 9F9314611904F45D00A8C3FA /* Project object */;
			proxyType = 1;
			remoteGlobalIDString = 9F9314681904F45D00A8C3FA;
			remoteInfo = "Git Test";
		};
/* End PBXContainerItemProxy section */

/* Begin PBXFileReference section */
		9F9314691904F45D00A8C3FA /* Git Test.app */ = {isa = PBXFileReference; explicitFileType = wrapper.application; includeInIndex = 0; path = "Git Test.app"; sourceTree = BUILT_PRODUCTS_DIR; };
		9F93146C1904F45D00A8C3FA /* Foundation.framework */ = {isa = PBXFileReference; lastKnownFileType = wrapper.framework; name = Foundation.framework; path = System/Library/Frameworks/Foundation.framework; sourceTree = SDKROOT; };
		9F93146E1904F45D00A8C3FA /* CoreGraphics.framework */ = {isa = PBXFileReference; lastKnownFileType = wrapper.framework; name = CoreGraphics.framework; path = System/Library/Frameworks/CoreGraphics.framework; sourceTree = SDKROOT; };
		9F9314701904F45D00A8C3FA /* UIKit.framework */ = {isa = PBXFileReference; lastKnownFileType = wrapper.framework; name = UIKit.framework; path = System/Library/Frameworks/UIKit.framework; sourceTree = SDKROOT; };
		9F9314741904F45D00A8C3FA /* Git Test-Info.plist */ = {isa = PBXFileReference; lastKnownFileType = text.plist.xml; path = "Git Test-Info.plist"; sourceTree = "<group>"; };
		9F9314761904F45D00A8C3FA /* en */ = {isa = PBXFileReference; lastKnownFileType = text.plist.strings; name = en; path = en.lproj/InfoPlist.strings; sourceTree = "<group>"; };
		9F9314781904F45D00A8C3FA /* main.m */ = {isa = PBXFileReference; lastKnownFileType = sourcecode.c.objc; path = main.m; sourceTree = "<group>"; };
		9F93147A1904F45D00A8C3FA /* Git Test-Prefix.pch */ = {isa = PBXFileReference; lastKnownFileType = sourcecode.c.h; path = "Git Test-Prefix.pch"; sourceTree = "<group>"; };
		9F93147B1904F45D00A8C3FA /* ASAppDelegate.h */ = {isa = PBXFileReference; lastKnownFileType = sourcecode.c.h; path = ASAppDelegate.h; sourceTree = "<group>"; };
		9F93147C1904F45D00A8C3FA /* ASAppDelegate.m */ = {isa = PBXFileReference; lastKnownFileType = sourcecode.c.objc; path = ASAppDelegate.m; sourceTree = "<group>"; };
		9F93147F1904F45D00A8C3FA /* Base */ = {isa = PBXFileReference; lastKnownFileType = file.storyboard; name = Base; path = Base.lproj/Main.storyboard; sourceTree = "<group>"; };
		9F9314811904F45D00A8C3FA /* ASViewController.h */ = {isa = PBXFileReference; lastKnownFileType = sourcecode.c.h; path = ASViewController.h; sourceTree = "<group>"; };
		9F9314821904F45D00A8C3FA /* ASViewController.m */ = {isa = PBXFileReference; lastKnownFileType = sourcecode.c.objc; path = ASViewController.m; sourceTree = "<group>"; };
		9F9314841904F45D00A8C3FA /* Images.xcassets */ = {isa = PBXFileReference; lastKnownFileType = folder.assetcatalog; path = Images.xcassets; sourceTree = "<group>"; };
		9F93148A1904F45D00A8C3FA /* Git TestTests.xctest */ = {isa = PBXFileReference; explicitFileType = wrapper.cfbundle; includeInIndex = 0; path = "Git TestTests.xctest"; sourceTree = BUILT_PRODUCTS_DIR; };
		9F93148B1904F45D00A8C3FA /* XCTest.framework */ = {isa = PBXFileReference; lastKnownFileType = wrapper.framework; name = XCTest.framework; path = Library/Frameworks/XCTest.framework; sourceTree = DEVELOPER_DIR; };
		9F9314931904F45D00A8C3FA /* Git TestTests-Info.plist */ = {isa = PBXFileReference; lastKnownFileType = text.plist.xml; path = "Git TestTests-Info.plist"; sourceTree = "<group>"; };
		9F9314951904F45D00A8C3FA /* en */ = {isa = PBXFileReference; lastKnownFileType = text.plist.strings; name = en; path = en.lproj/InfoPlist.strings; sourceTree = "<group>"; };
		9F9314971904F45D00A8C3FA /* Git_TestTests.m */ = {isa = PBXFileReference; lastKnownFileType = sourcecode.c.objc; path = Git_TestTests.m; sourceTree = "<group>"; };
/* End PBXFileReference section */

/* Begin PBXFrameworksBuildPhase section */
		9F9314661904F45D00A8C3FA /* Frameworks */ = {
			isa = PBXFrameworksBuildPhase;
			buildActionMask = 2147483647;
			files = (
				9F93146F1904F45D00A8C3FA /* CoreGraphics.framework in Frameworks */,
				9F9314711904F45D00A8C3FA /* UIKit.framework in Frameworks */,
				9F93146D1904F45D00A8C3FA /* Foundation.framework in Frameworks */,
			);
			runOnlyForDeploymentPostprocessing = 0;
		};
		9F9314871904F45D00A8C3FA /* Frameworks */ = {
			isa = PBXFrameworksBuildPhase;
			buildActionMask = 2147483647;
			files = (
				9F93148C1904F45D00A8C3FA /* XCTest.framework in Frameworks */,
				9F93148E1904F45D00A8C3FA /* UIKit.framework in Frameworks */,
				9F93148D1904F45D00A8C3FA /* Foundation.framework in Frameworks */,
			);
			runOnlyForDeploymentPostprocessing = 0;
		};
/* End PBXFrameworksBuildPhase section */

/* Begin PBXGroup section */
		9F9314601904F45D00A8C3FA = {
			isa = PBXGroup;
			children = (
				9F9314721904F45D00A8C3FA /* Git Test */,
				9F9314911904F45D00A8C3FA /* Git TestTests */,
				9F93146B1904F45D00A8C3FA /* Frameworks */,
				9F93146A1904F45D00A8C3FA /* Products */,
			);
			sourceTree = "<group>";
		};
		9F93146A1904F45D00A8C3FA /* Products */ = {
			isa = PBXGroup;
			children = (
				9F9314691904F45D00A8C3FA /* Git Test.app */,
				9F93148A1904F45D00A8C3FA /* Git TestTests.xctest */,
			);
			name = Products;
			sourceTree = "<group>";
		};
		9F93146B1904F45D00A8C3FA /* Frameworks */ = {
			isa = PBXGroup;
			children = (
				9F93146C1904F45D00A8C3FA /* Foundation.framework */,
				9F93146E1904F45D00A8C3FA /* CoreGraphics.framework */,
				9F9314701904F45D00A8C3FA /* UIKit.framework */,
				9F93148B1904F45D00A8C3FA /* XCTest.framework */,
			);
			name = Frameworks;
			sourceTree = "<group>";
		};
		9F9314721904F45D00A8C3FA /* Git Test */ = {
			isa = PBXGroup;
			children = (
				9F93147B1904F45D00A8C3FA /* ASAppDelegate.h */,
				9F93147C1904F45D00A8C3FA /* ASAppDelegate.m */,
				9F93147E1904F45D00A8C3FA /* Main.storyboard */,
				9F9314811904F45D00A8C3FA /* ASViewController.h */,
				9F9314821904F45D00A8C3FA /* ASViewController.m */,
				9F9314841904F45D00A8C3FA /* Images.xcassets */,
				9F9314731904F45D00A8C3FA /* Supporting Files */,
			);
			path = "Git Test";
			sourceTree = "<group>";
		};
		9F9314731904F45D00A8C3FA /* Supporting Files */ = {
			isa = PBXGroup;
			children = (
				9F9314741904F45D00A8C3FA /* Git Test-Info.plist */,
				9F9314751904F45D00A8C3FA /* InfoPlist.strings */,
				9F9314781904F45D00A8C3FA /* main.m */,
				9F93147A1904F45D00A8C3FA /* Git Test-Prefix.pch */,
			);
			name = "Supporting Files";
			sourceTree = "<group>";
		};
		9F9314911904F45D00A8C3FA /* Git TestTests */ = {
			isa = PBXGroup;
			children = (
				9F9314971904F45D00A8C3FA /* Git_TestTests.m */,
				9F9314921904F45D00A8C3FA /* Supporting Files */,
			);
			path = "Git TestTests";
			sourceTree = "<group>";
		};
		9F9314921904F45D00A8C3FA /* Supporting Files */ = {
			isa = PBXGroup;
			children = (
				9F9314931904F45D00A8C3FA /* Git TestTests-Info.plist */,
				9F9314941904F45D00A8C3FA /* InfoPlist.strings */,
			);
			name = "Supporting Files";
			sourceTree = "<group>";
		};
/* End PBXGroup section */

/* Begin PBXNativeTarget section */
		9F9314681904F45D00A8C3FA /* Git Test */ = {
			isa = PBXNativeTarget;
			buildConfigurationList = 9F93149B1904F45D00A8C3FA /* Build configuration list for PBXNativeTarget "Git Test" */;
			buildPhases = (
				9F9314651904F45D00A8C3FA /* Sources */,
				9F9314661904F45D00A8C3FA /* Frameworks */,
				9F9314671904F45D00A8C3FA /* Resources */,
			);
			buildRules = (
			);
			dependencies = (
			);
			name = "Git Test";
			productName = "Git Test";
			productReference = 9F9314691904F45D00A8C3FA /* Git Test.app */;
			productType = "com.apple.product-type.application";
		};
		9F9314891904F45D00A8C3FA /* Git TestTests */ = {
			isa = PBXNativeTarget;
			buildConfigurationList = 9F93149E1904F45D00A8C3FA /* Build configuration list for PBXNativeTarget "Git TestTests" */;
			buildPhases = (
				9F9314861904F45D00A8C3FA /* Sources */,
				9F9314871904F45D00A8C3FA /* Frameworks */,
				9F9314881904F45D00A8C3FA /* Resources */,
			);
			buildRules = (
			);
			dependencies = (
				9F9314901904F45D00A8C3FA /* PBXTargetDependency */,
			);
			name = "Git TestTests";
			productName = "Git TestTests";
			productReference = 9F93148A1904F45D00A8C3FA /* Git TestTests.xctest */;
			productType = "com.apple.product-type.bundle.unit-test";
		};
/* End PBXNativeTarget section */

/* Begin PBXProject section */
		9F9314611904F45D00A8C3FA /* Project object */ = {
			isa = PBXProject;
			attributes = {
				CLASSPREFIX = AS;
				LastUpgradeCheck = 0510;
				TargetAttributes = {
					9F9314891904F45D00A8C3FA = {
						TestTargetID = 9F9314681904F45D00A8C3FA;
					};
				};
			};
			buildConfigurationList = 9F9314641904F45D00A8C3FA /* Build configuration list for PBXProject "Git Test" */;
			compatibilityVersion = "Xcode 3.2";
			developmentRegion = English;
			hasScannedForEncodings = 0;
			knownRegions = (
				en,
				Base,
			);
			mainGroup = 9F9314601904F45D00A8C3FA;
			productRefGroup = 9F93146A1904F45D00A8C3FA /* Products */;
			projectDirPath = "";
			projectRoot = "";
			targets = (
				9F9314681904F45D00A8C3FA /* Git Test */,
				9F9314891904F45D00A8C3FA /* Git TestTests */,
			);
		};
/* End PBXProject section */

/* Begin PBXResourcesBuildPhase section */
		9F9314671904F45D00A8C3FA /* Resources */ = {
			isa = PBXResourcesBuildPhase;
			buildActionMask = 2147483647;
			files = (
				9F9314851904F45D00A8C3FA /* Images.xcassets in Resources */,
				9F9314771904F45D00A8C3FA /* InfoPlist.strings in Resources */,
				9F9314801904F45D00A8C3FA /* Main.storyboard in Resources */,
			);
			runOnlyForDeploymentPostprocessing = 0;
		};
		9F9314881904F45D00A8C3FA /* Resources */ = {
			isa = PBXResourcesBuildPhase;
			buildActionMask = 2147483647;
			files = (
				9F9314961904F45D00A8C3FA /* InfoPlist.strings in Resources */,
			);
			runOnlyForDeploymentPostprocessing = 0;
		};
/* End PBXResourcesBuildPhase section */

/* Begin PBXSourcesBuildPhase section */
		9F9314651904F45D00A8C3FA /* Sources */ = {
			isa = PBXSourcesBuildPhase;
			buildActionMask = 2147483647;
			files = (
				9F93147D1904F45D00A8C3FA /* ASAppDelegate.m in Sources */,
				9F9314831904F45D00A8C3FA /* ASViewController.m in Sources */,
				9F9314791904F45D00A8C3FA /* main.m in Sources */,
			);
			runOnlyForDeploymentPostprocessing = 0;
		};
		9F9314861904F45D00A8C3FA /* Sources */ = {
			isa = PBXSourcesBuildPhase;
			buildActionMask = 2147483647;
			files = (
				9F9314981904F45D00A8C3FA /* Git_TestTests.m in Sources */,
			);
			runOnlyForDeploymentPostprocessing = 0;
		};
/* End PBXSourcesBuildPhase section */

/* Begin PBXTargetDependency section */
		9F9314901904F45D00A8C3FA /* PBXTargetDependency */ = {
			isa = PBXTargetDependency;
			target = 9F9314681904F45D00A8C3FA /* Git Test */;
			targetProxy = 9F93148F1904F45D00A8C3FA /* PBXContainerItemProxy */;
		};
/* End PBXTargetDependency section */

/* Begin PBXVariantGroup section */
		9F9314751904F45D00A8C3FA /* InfoPlist.strings */ = {
			isa = PBXVariantGroup;
			children = (
				9F9314761904F45D00A8C3FA /* en */,
			);
			name = InfoPlist.strings;
			sourceTree = "<group>";
		};
		9F93147E1904F45D00A8C3FA /* Main.storyboard */ = {
			isa = PBXVariantGroup;
			children = (
				9F93147F1904F45D00A8C3FA /* Base */,
			);
			name = Main.storyboard;
			sourceTree = "<group>";
		};
		9F9314941904F45D00A8C3FA /* InfoPlist.strings */ = {
			isa = PBXVariantGroup;
			children = (
				9F9314951904F45D00A8C3FA /* en */,
			);
			name = InfoPlist.strings;
			sourceTree = "<group>";
		};
/* End PBXVariantGroup section */

/* Begin XCBuildConfiguration section */
		9F9314991904F45D00A8C3FA /* Debug */ = {
			isa = XCBuildConfiguration;
			buildSettings = {
				ALWAYS_SEARCH_USER_PATHS = NO;
				CLANG_CXX_LANGUAGE_STANDARD = "gnu++0x";
				CLANG_CXX_LIBRARY = "libc++";
				CLANG_ENABLE_MODULES = YES;
				CLANG_ENABLE_OBJC_ARC = YES;
				CLANG_WARN_BOOL_CONVERSION = YES;
				CLANG_WARN_CONSTANT_CONVERSION = YES;
				CLANG_WARN_DIRECT_OBJC_ISA_USAGE = YES_ERROR;
				CLANG_WARN_EMPTY_BODY = YES;
				CLANG_WARN_ENUM_CONVERSION = YES;
				CLANG_WARN_INT_CONVERSION = YES;
				CLANG_WARN_OBJC_ROOT_CLASS = YES_ERROR;
				CLANG_WARN__DUPLICATE_METHOD_MATCH = YES;
				"CODE_SIGN_IDENTITY[sdk=iphoneos*]" = "iPhone Developer";
				COPY_PHASE_STRIP = NO;
				GCC_C_LANGUAGE_STANDARD = gnu99;
				GCC_DYNAMIC_NO_PIC = NO;
				GCC_OPTIMIZATION_LEVEL = 0;
				GCC_PREPROCESSOR_DEFINITIONS = (
					"DEBUG=1",
					"$(inherited)",
				);
				GCC_SYMBOLS_PRIVATE_EXTERN = NO;
				GCC_WARN_64_TO_32_BIT_CONVERSION = YES;
				GCC_WARN_ABOUT_RETURN_TYPE = YES_ERROR;
				GCC_WARN_UNDECLARED_SELECTOR = YES;
				GCC_WARN_UNINITIALIZED_AUTOS = YES_AGGRESSIVE;
				GCC_WARN_UNUSED_FUNCTION = YES;
				GCC_WARN_UNUSED_VARIABLE = YES;
				IPHONEOS_DEPLOYMENT_TARGET = 7.1;
				ONLY_ACTIVE_ARCH = YES;
				SDKROOT = iphoneos;
			};
			name = Debug;
		};
		9F93149A1904F45D00A8C3FA /* Release */ = {
			isa = XCBuildConfiguration;
			buildSettings = {
				ALWAYS_SEARCH_USER_PATHS = NO;
				CLANG_CXX_LANGUAGE_STANDARD = "gnu++0x";
				CLANG_CXX_LIBRARY = "libc++";
				CLANG_ENABLE_MODULES = YES;
				CLANG_ENABLE_OBJC_ARC = YES;
				CLANG_WARN_BOOL_CONVERSION = YES;
				CLANG_WARN_CONSTANT_CONVERSION = YES;
				CLANG_WARN_DIRECT_OBJC_ISA_USAGE = YES_ERROR;
				CLANG_WARN_EMPTY_BODY = YES;
				CLANG_WARN_ENUM_CONVERSION = YES;
				CLANG_WARN_INT_CONVERSION = YES;
				CLANG_WARN_OBJC_ROOT_CLASS = YES_ERROR;
				CLANG_WARN__DUPLICATE_METHOD_MATCH = YES;
				"CODE_SIGN_IDENTITY[sdk=iphoneos*]" = "iPhone Developer";
				COPY_PHASE_STRIP = YES;
				ENABLE_NS_ASSERTIONS = NO;
				GCC_C_LANGUAGE_STANDARD = gnu99;
				GCC_WARN_64_TO_32_BIT_CONVERSION = YES;
				GCC_WARN_ABOUT_RETURN_TYPE = YES_ERROR;
				GCC_WARN_UNDECLARED_SELECTOR = YES;
				GCC_WARN_UNINITIALIZED_AUTOS = YES_AGGRESSIVE;
				GCC_WARN_UNUSED_FUNCTION = YES;
				GCC_WARN_UNUSED_VARIABLE = YES;
				IPHONEOS_DEPLOYMENT_TARGET = 7.1;
				SDKROOT = iphoneos;
				VALIDATE_PRODUCT = YES;
			};
			name = Release;
		};
		9F93149C1904F45D00A8C3FA /* Debug */ = {
			isa = XCBuildConfiguration;
			buildSettings = {
				ASSETCATALOG_COMPILER_APPICON_NAME = AppIcon;
				ASSETCATALOG_COMPILER_LAUNCHIMAGE_NAME = LaunchImage;
				GCC_PRECOMPILE_PREFIX_HEADER = YES;
				GCC_PREFIX_HEADER = "Git Test/Git Test-Prefix.pch";
				INFOPLIST_FILE = "Git Test/Git Test-Info.plist";
				PRODUCT_NAME = "$(TARGET_NAME)";
				WRAPPER_EXTENSION = app;
			};
			name = Debug;
		};
		9F93149D1904F45D00A8C3FA /* Release */ = {
			isa = XCBuildConfiguration;
			buildSettings = {
				ASSETCATALOG_COMPILER_APPICON_NAME = AppIcon;
				ASSETCATALOG_COMPILER_LAUNCHIMAGE_NAME = LaunchImage;
				GCC_PRECOMPILE_PREFIX_HEADER = YES;
				GCC_PREFIX_HEADER = "Git Test/Git Test-Prefix.pch";
				INFOPLIST_FILE = "Git Test/Git Test-Info.plist";
				PRODUCT_NAME = "$(TARGET_NAME)";
				WRAPPER_EXTENSION = app;
			};
			name = Release;
		};
		9F93149F1904F45D00A8C3FA /* Debug */ = {
			isa = XCBuildConfiguration;
			buildSettings = {
				BUNDLE_LOADER = "$(BUILT_PRODUCTS_DIR)/Git Test.app/Git Test";
				FRAMEWORK_SEARCH_PATHS = (
					"$(SDKROOT)/Developer/Library/Frameworks",
					"$(inherited)",
					"$(DEVELOPER_FRAMEWORKS_DIR)",
				);
				GCC_PRECOMPILE_PREFIX_HEADER = YES;
				GCC_PREFIX_HEADER = "Git Test/Git Test-Prefix.pch";
				GCC_PREPROCESSOR_DEFINITIONS = (
					"DEBUG=1",
					"$(inherited)",
				);
				INFOPLIST_FILE = "Git TestTests/Git TestTests-Info.plist";
				PRODUCT_NAME = "$(TARGET_NAME)";
				TEST_HOST = "$(BUNDLE_LOADER)";
				WRAPPER_EXTENSION = xctest;
			};
			name = Debug;
		};
		9F9314A01904F45D00A8C3FA /* Release */ = {
			isa = XCBuildConfiguration;
			buildSettings = {
				BUNDLE_LOADER = "$(BUILT_PRODUCTS_DIR)/Git Test.app/Git Test";
				FRAMEWORK_SEARCH_PATHS = (
					"$(SDKROOT)/Developer/Library/Frameworks",
					"$(inherited)",
					"$(DEVELOPER_FRAMEWORKS_DIR)",
				);
				GCC_PRECOMPILE_PREFIX_HEADER = YES;
				GCC_PREFIX_HEADER = "Git Test/Git Test-Prefix.pch";
				INFOPLIST_FILE = "Git TestTests/Git TestTests-Info.plist";
				PRODUCT_NAME = "$(TARGET_NAME)";
				TEST_HOST = "$(BUNDLE_LOADER)";
				WRAPPER_EXTENSION = xctest;
			};
			name = Release;
		};
/* End XCBuildConfiguration section */

/* Begin XCConfigurationList section */
		9F9314641904F45D00A8C3FA /* Build configuration list for PBXProject "Git Test" */ = {
			isa = XCConfigurationList;
			buildConfigurations = (
				9F9314991904F45D00A8C3FA /* Debug */,
				9F93149A1904F45D00A8C3FA /* Release */,
			);
			defaultConfigurationIsVisible = 0;
			defaultConfigurationName = Release;
		};
		9F93149B1904F45D00A8C3FA /* Build configuration list for PBXNativeTarget "Git Test" */ = {
			isa = XCConfigurationList;
			buildConfigurations = (
				9F93149C1904F45D00A8C3FA /* Debug */,
				9F93149D1904F45D00A8C3FA /* Release */,
			);
			defaultConfigurationIsVisible = 0;
		};
		9F93149E1904F45D00A8C3FA /* Build configuration list for PBXNativeTarget "Git TestTests" */ = {
			isa = XCConfigurationList;
			buildConfigurations = (
				9F93149F1904F45D00A8C3FA /* Debug */,
				9F9314A01904F45D00A8C3FA /* Release */,
			);
			defaultConfigurationIsVisible = 0;
		};
/* End XCConfigurationList section */
	};
	rootObject = 9F9314611904F45D00A8C3FA /* Project object */;
}
